// !$*UTF8*$!
{
	archiveVersion = 1;
	classes = {
	};
	objectVersion = 56;
	objects = {

/* Begin PBXBuildFile section */
		74F4A62F29C9BA0700FC54B0 /* AppDelegate.swift in Sources */ = {isa = PBXBuildFile; fileRef = 74F4A62E29C9BA0700FC54B0 /* AppDelegate.swift */; };
		74F4A63129C9BA0700FC54B0 /* SceneDelegate.swift in Sources */ = {isa = PBXBuildFile; fileRef = 74F4A63029C9BA0700FC54B0 /* SceneDelegate.swift */; };
		74F4A63329C9BA0700FC54B0 /* PokemonVC.swift in Sources */ = {isa = PBXBuildFile; fileRef = 74F4A63229C9BA0700FC54B0 /* PokemonVC.swift */; };
		74F4A63829C9BA0800FC54B0 /* Assets.xcassets in Resources */ = {isa = PBXBuildFile; fileRef = 74F4A63729C9BA0800FC54B0 /* Assets.xcassets */; };
		74F4A63B29C9BA0800FC54B0 /* LaunchScreen.storyboard in Resources */ = {isa = PBXBuildFile; fileRef = 74F4A63929C9BA0800FC54B0 /* LaunchScreen.storyboard */; };
		74F4A64529C9BBA600FC54B0 /* PokemonVM.swift in Sources */ = {isa = PBXBuildFile; fileRef = 74F4A64429C9BBA600FC54B0 /* PokemonVM.swift */; };
		74F4A64B29C9BC0100FC54B0 /* PokemonModel.swift in Sources */ = {isa = PBXBuildFile; fileRef = 74F4A64A29C9BC0100FC54B0 /* PokemonModel.swift */; };
		74F4A64D29C9BC1700FC54B0 /* ImageFetcher.swift in Sources */ = {isa = PBXBuildFile; fileRef = 74F4A64C29C9BC1700FC54B0 /* ImageFetcher.swift */; };
		74F4A64F29C9BC3600FC54B0 /* RequestLoader.swift in Sources */ = {isa = PBXBuildFile; fileRef = 74F4A64E29C9BC3600FC54B0 /* RequestLoader.swift */; };
		74F4A65129C9BC4200FC54B0 /* Server.swift in Sources */ = {isa = PBXBuildFile; fileRef = 74F4A65029C9BC4200FC54B0 /* Server.swift */; };
		74F4A65429C9BC6900FC54B0 /* UrlConstants.swift in Sources */ = {isa = PBXBuildFile; fileRef = 74F4A65329C9BC6900FC54B0 /* UrlConstants.swift */; };
		74F4A65729C9BCAE00FC54B0 /* PokemonCell.swift in Sources */ = {isa = PBXBuildFile; fileRef = 74F4A65629C9BCAE00FC54B0 /* PokemonCell.swift */; };
		74F4A65A29C9C01000FC54B0 /* PokemonRequest.swift in Sources */ = {isa = PBXBuildFile; fileRef = 74F4A65929C9C01000FC54B0 /* PokemonRequest.swift */; };
		74F4A65E29C9C53300FC54B0 /* UserFriendlyError.swift in Sources */ = {isa = PBXBuildFile; fileRef = 74F4A65D29C9C53300FC54B0 /* UserFriendlyError.swift */; };
		74F4A66029C9C5EF00FC54B0 /* DataSource+Snapshot.swift in Sources */ = {isa = PBXBuildFile; fileRef = 74F4A65F29C9C5EF00FC54B0 /* DataSource+Snapshot.swift */; };
		74F4A66229C9C64F00FC54B0 /* DisplayableResource.swift in Sources */ = {isa = PBXBuildFile; fileRef = 74F4A66129C9C64F00FC54B0 /* DisplayableResource.swift */; };
		74F4A66429C9CD7500FC54B0 /* Query.swift in Sources */ = {isa = PBXBuildFile; fileRef = 74F4A66329C9CD7500FC54B0 /* Query.swift */; };
		74F4A66729C9CE2200FC54B0 /* Array+Ext.swift in Sources */ = {isa = PBXBuildFile; fileRef = 74F4A66629C9CE2200FC54B0 /* Array+Ext.swift */; };
		74F4A66929C9D14200FC54B0 /* ImageView.swift in Sources */ = {isa = PBXBuildFile; fileRef = 74F4A66829C9D14200FC54B0 /* ImageView.swift */; };
		74F4A66B29C9D35A00FC54B0 /* PokLabel.swift in Sources */ = {isa = PBXBuildFile; fileRef = 74F4A66A29C9D35A00FC54B0 /* PokLabel.swift */; };
		74F4A66D29C9D41A00FC54B0 /* UIView+Ext.swift in Sources */ = {isa = PBXBuildFile; fileRef = 74F4A66C29C9D41A00FC54B0 /* UIView+Ext.swift */; };
		74F4A66F29C9D7C900FC54B0 /* UIViewController+Ext.swift in Sources */ = {isa = PBXBuildFile; fileRef = 74F4A66E29C9D7C900FC54B0 /* UIViewController+Ext.swift */; };
		74F4A67129C9D96600FC54B0 /* UIHelper.swift in Sources */ = {isa = PBXBuildFile; fileRef = 74F4A67029C9D96600FC54B0 /* UIHelper.swift */; };
		74F4A67329CADAB700FC54B0 /* String+Ext.swift in Sources */ = {isa = PBXBuildFile; fileRef = 74F4A67229CADAB700FC54B0 /* String+Ext.swift */; };
		74F4A67529CAE69100FC54B0 /* LoaderResuableView.swift in Sources */ = {isa = PBXBuildFile; fileRef = 74F4A67429CAE69100FC54B0 /* LoaderResuableView.swift */; };
/* End PBXBuildFile section */

/* Begin PBXFileReference section */
		74F4A62B29C9BA0700FC54B0 /* PokemonApp.app */ = {isa = PBXFileReference; explicitFileType = wrapper.application; includeInIndex = 0; path = PokemonApp.app; sourceTree = BUILT_PRODUCTS_DIR; };
		74F4A62E29C9BA0700FC54B0 /* AppDelegate.swift */ = {isa = PBXFileReference; lastKnownFileType = sourcecode.swift; path = AppDelegate.swift; sourceTree = "<group>"; };
		74F4A63029C9BA0700FC54B0 /* SceneDelegate.swift */ = {isa = PBXFileReference; lastKnownFileType = sourcecode.swift; path = SceneDelegate.swift; sourceTree = "<group>"; };
		74F4A63229C9BA0700FC54B0 /* PokemonVC.swift */ = {isa = PBXFileReference; lastKnownFileType = sourcecode.swift; path = PokemonVC.swift; sourceTree = "<group>"; };
		74F4A63729C9BA0800FC54B0 /* Assets.xcassets */ = {isa = PBXFileReference; lastKnownFileType = folder.assetcatalog; path = Assets.xcassets; sourceTree = "<group>"; };
		74F4A63A29C9BA0800FC54B0 /* Base */ = {isa = PBXFileReference; lastKnownFileType = file.storyboard; name = Base; path = Base.lproj/LaunchScreen.storyboard; sourceTree = "<group>"; };
		74F4A63C29C9BA0800FC54B0 /* Info.plist */ = {isa = PBXFileReference; lastKnownFileType = text.plist.xml; path = Info.plist; sourceTree = "<group>"; };
		74F4A64429C9BBA600FC54B0 /* PokemonVM.swift */ = {isa = PBXFileReference; lastKnownFileType = sourcecode.swift; path = PokemonVM.swift; sourceTree = "<group>"; };
		74F4A64A29C9BC0100FC54B0 /* PokemonModel.swift */ = {isa = PBXFileReference; lastKnownFileType = sourcecode.swift; path = PokemonModel.swift; sourceTree = "<group>"; };
		74F4A64C29C9BC1700FC54B0 /* ImageFetcher.swift */ = {isa = PBXFileReference; lastKnownFileType = sourcecode.swift; path = ImageFetcher.swift; sourceTree = "<group>"; };
		74F4A64E29C9BC3600FC54B0 /* RequestLoader.swift */ = {isa = PBXFileReference; lastKnownFileType = sourcecode.swift; path = RequestLoader.swift; sourceTree = "<group>"; };
		74F4A65029C9BC4200FC54B0 /* Server.swift */ = {isa = PBXFileReference; lastKnownFileType = sourcecode.swift; path = Server.swift; sourceTree = "<group>"; };
		74F4A65329C9BC6900FC54B0 /* UrlConstants.swift */ = {isa = PBXFileReference; lastKnownFileType = sourcecode.swift; path = UrlConstants.swift; sourceTree = "<group>"; };
		74F4A65629C9BCAE00FC54B0 /* PokemonCell.swift */ = {isa = PBXFileReference; lastKnownFileType = sourcecode.swift; path = PokemonCell.swift; sourceTree = "<group>"; };
		74F4A65929C9C01000FC54B0 /* PokemonRequest.swift */ = {isa = PBXFileReference; lastKnownFileType = sourcecode.swift; path = PokemonRequest.swift; sourceTree = "<group>"; };
		74F4A65D29C9C53300FC54B0 /* UserFriendlyError.swift */ = {isa = PBXFileReference; lastKnownFileType = sourcecode.swift; path = UserFriendlyError.swift; sourceTree = "<group>"; };
		74F4A65F29C9C5EF00FC54B0 /* DataSource+Snapshot.swift */ = {isa = PBXFileReference; lastKnownFileType = sourcecode.swift; path = "DataSource+Snapshot.swift"; sourceTree = "<group>"; };
		74F4A66129C9C64F00FC54B0 /* DisplayableResource.swift */ = {isa = PBXFileReference; lastKnownFileType = sourcecode.swift; path = DisplayableResource.swift; sourceTree = "<group>"; };
		74F4A66329C9CD7500FC54B0 /* Query.swift */ = {isa = PBXFileReference; lastKnownFileType = sourcecode.swift; path = Query.swift; sourceTree = "<group>"; };
		74F4A66629C9CE2200FC54B0 /* Array+Ext.swift */ = {isa = PBXFileReference; lastKnownFileType = sourcecode.swift; path = "Array+Ext.swift"; sourceTree = "<group>"; };
		74F4A66829C9D14200FC54B0 /* ImageView.swift */ = {isa = PBXFileReference; lastKnownFileType = sourcecode.swift; path = ImageView.swift; sourceTree = "<group>"; };
		74F4A66A29C9D35A00FC54B0 /* PokLabel.swift */ = {isa = PBXFileReference; lastKnownFileType = sourcecode.swift; path = PokLabel.swift; sourceTree = "<group>"; };
		74F4A66C29C9D41A00FC54B0 /* UIView+Ext.swift */ = {isa = PBXFileReference; lastKnownFileType = sourcecode.swift; path = "UIView+Ext.swift"; sourceTree = "<group>"; };
		74F4A66E29C9D7C900FC54B0 /* UIViewController+Ext.swift */ = {isa = PBXFileReference; lastKnownFileType = sourcecode.swift; path = "UIViewController+Ext.swift"; sourceTree = "<group>"; };
		74F4A67029C9D96600FC54B0 /* UIHelper.swift */ = {isa = PBXFileReference; lastKnownFileType = sourcecode.swift; path = UIHelper.swift; sourceTree = "<group>"; };
		74F4A67229CADAB700FC54B0 /* String+Ext.swift */ = {isa = PBXFileReference; lastKnownFileType = sourcecode.swift; path = "String+Ext.swift"; sourceTree = "<group>"; };
		74F4A67429CAE69100FC54B0 /* LoaderResuableView.swift */ = {isa = PBXFileReference; lastKnownFileType = sourcecode.swift; path = LoaderResuableView.swift; sourceTree = "<group>"; };
/* End PBXFileReference section */

/* Begin PBXFrameworksBuildPhase section */
		74F4A62829C9BA0700FC54B0 /* Frameworks */ = {
			isa = PBXFrameworksBuildPhase;
			buildActionMask = 2147483647;
			files = (
			);
			runOnlyForDeploymentPostprocessing = 0;
		};
/* End PBXFrameworksBuildPhase section */

/* Begin PBXGroup section */
		74F4A62229C9BA0700FC54B0 = {
			isa = PBXGroup;
			children = (
				74F4A62D29C9BA0700FC54B0 /* PokemonApp */,
				74F4A62C29C9BA0700FC54B0 /* Products */,
			);
			sourceTree = "<group>";
		};
		74F4A62C29C9BA0700FC54B0 /* Products */ = {
			isa = PBXGroup;
			children = (
				74F4A62B29C9BA0700FC54B0 /* PokemonApp.app */,
			);
			name = Products;
			sourceTree = "<group>";
		};
		74F4A62D29C9BA0700FC54B0 /* PokemonApp */ = {
			isa = PBXGroup;
			children = (
				74F4A66529C9CE1900FC54B0 /* Extensions */,
				74F4A65229C9BC5100FC54B0 /* Utililities */,
				74F4A64929C9BBD300FC54B0 /* CustomViews */,
				74F4A64829C9BBC700FC54B0 /* Networking */,
				74F4A64729C9BBC000FC54B0 /* Model */,
				74F4A64629C9BBAC00FC54B0 /* Supports */,
				74F4A64229C9BB9200FC54B0 /* Screens */,
				74F4A63729C9BA0800FC54B0 /* Assets.xcassets */,
				74F4A63929C9BA0800FC54B0 /* LaunchScreen.storyboard */,
				74F4A63C29C9BA0800FC54B0 /* Info.plist */,
			);
			path = PokemonApp;
			sourceTree = "<group>";
		};
		74F4A64229C9BB9200FC54B0 /* Screens */ = {
			isa = PBXGroup;
			children = (
				74F4A64329C9BB9900FC54B0 /* Pokemons */,
			);
			path = Screens;
			sourceTree = "<group>";
		};
		74F4A64329C9BB9900FC54B0 /* Pokemons */ = {
			isa = PBXGroup;
			children = (
				74F4A63229C9BA0700FC54B0 /* PokemonVC.swift */,
				74F4A64429C9BBA600FC54B0 /* PokemonVM.swift */,
				74F4A65F29C9C5EF00FC54B0 /* DataSource+Snapshot.swift */,
			);
			path = Pokemons;
			sourceTree = "<group>";
		};
		74F4A64629C9BBAC00FC54B0 /* Supports */ = {
			isa = PBXGroup;
			children = (
				74F4A62E29C9BA0700FC54B0 /* AppDelegate.swift */,
				74F4A63029C9BA0700FC54B0 /* SceneDelegate.swift */,
			);
			path = Supports;
			sourceTree = "<group>";
		};
		74F4A64729C9BBC000FC54B0 /* Model */ = {
			isa = PBXGroup;
			children = (
				74F4A64A29C9BC0100FC54B0 /* PokemonModel.swift */,
				74F4A65D29C9C53300FC54B0 /* UserFriendlyError.swift */,
				74F4A66129C9C64F00FC54B0 /* DisplayableResource.swift */,
				74F4A66329C9CD7500FC54B0 /* Query.swift */,
			);
			path = Model;
			sourceTree = "<group>";
		};
		74F4A64829C9BBC700FC54B0 /* Networking */ = {
			isa = PBXGroup;
			children = (
				74F4A65829C9BFFA00FC54B0 /* Pokemon */,
				74F4A64C29C9BC1700FC54B0 /* ImageFetcher.swift */,
				74F4A64E29C9BC3600FC54B0 /* RequestLoader.swift */,
				74F4A65029C9BC4200FC54B0 /* Server.swift */,
			);
			path = Networking;
			sourceTree = "<group>";
		};
		74F4A64929C9BBD300FC54B0 /* CustomViews */ = {
			isa = PBXGroup;
			children = (
				74F4A65529C9BCA700FC54B0 /* Cells */,
				74F4A66829C9D14200FC54B0 /* ImageView.swift */,
				74F4A66A29C9D35A00FC54B0 /* PokLabel.swift */,
				74F4A67429CAE69100FC54B0 /* LoaderResuableView.swift */,
			);
			path = CustomViews;
			sourceTree = "<group>";
		};
		74F4A65229C9BC5100FC54B0 /* Utililities */ = {
			isa = PBXGroup;
			children = (
				74F4A65329C9BC6900FC54B0 /* UrlConstants.swift */,
				74F4A67029C9D96600FC54B0 /* UIHelper.swift */,
			);
			path = Utililities;
			sourceTree = "<group>";
		};
		74F4A65529C9BCA700FC54B0 /* Cells */ = {
			isa = PBXGroup;
			children = (
				74F4A65629C9BCAE00FC54B0 /* PokemonCell.swift */,
			);
			path = Cells;
			sourceTree = "<group>";
		};
		74F4A65829C9BFFA00FC54B0 /* Pokemon */ = {
			isa = PBXGroup;
			children = (
				74F4A65929C9C01000FC54B0 /* PokemonRequest.swift */,
			);
			path = Pokemon;
			sourceTree = "<group>";
		};
		74F4A66529C9CE1900FC54B0 /* Extensions */ = {
			isa = PBXGroup;
			children = (
				74F4A66629C9CE2200FC54B0 /* Array+Ext.swift */,
				74F4A66C29C9D41A00FC54B0 /* UIView+Ext.swift */,
				74F4A66E29C9D7C900FC54B0 /* UIViewController+Ext.swift */,
				74F4A67229CADAB700FC54B0 /* String+Ext.swift */,
			);
			path = Extensions;
			sourceTree = "<group>";
		};
/* End PBXGroup section */

/* Begin PBXNativeTarget section */
		74F4A62A29C9BA0700FC54B0 /* PokemonApp */ = {
			isa = PBXNativeTarget;
			buildConfigurationList = 74F4A63F29C9BA0800FC54B0 /* Build configuration list for PBXNativeTarget "PokemonApp" */;
			buildPhases = (
				74F4A62729C9BA0700FC54B0 /* Sources */,
				74F4A62829C9BA0700FC54B0 /* Frameworks */,
				74F4A62929C9BA0700FC54B0 /* Resources */,
			);
			buildRules = (
			);
			dependencies = (
			);
			name = PokemonApp;
			productName = PokemonApp;
			productReference = 74F4A62B29C9BA0700FC54B0 /* PokemonApp.app */;
			productType = "com.apple.product-type.application";
		};
/* End PBXNativeTarget section */

/* Begin PBXProject section */
		74F4A62329C9BA0700FC54B0 /* Project object */ = {
			isa = PBXProject;
			attributes = {
				BuildIndependentTargetsInParallel = 1;
				LastSwiftUpdateCheck = 1420;
				LastUpgradeCheck = 1420;
				TargetAttributes = {
					74F4A62A29C9BA0700FC54B0 = {
						CreatedOnToolsVersion = 14.2;
					};
				};
			};
			buildConfigurationList = 74F4A62629C9BA0700FC54B0 /* Build configuration list for PBXProject "PokemonApp" */;
			compatibilityVersion = "Xcode 14.0";
			developmentRegion = en;
			hasScannedForEncodings = 0;
			knownRegions = (
				en,
				Base,
			);
			mainGroup = 74F4A62229C9BA0700FC54B0;
			productRefGroup = 74F4A62C29C9BA0700FC54B0 /* Products */;
			projectDirPath = "";
			projectRoot = "";
			targets = (
				74F4A62A29C9BA0700FC54B0 /* PokemonApp */,
			);
		};
/* End PBXProject section */

/* Begin PBXResourcesBuildPhase section */
		74F4A62929C9BA0700FC54B0 /* Resources */ = {
			isa = PBXResourcesBuildPhase;
			buildActionMask = 2147483647;
			files = (
				74F4A63B29C9BA0800FC54B0 /* LaunchScreen.storyboard in Resources */,
				74F4A63829C9BA0800FC54B0 /* Assets.xcassets in Resources */,
			);
			runOnlyForDeploymentPostprocessing = 0;
		};
/* End PBXResourcesBuildPhase section */

/* Begin PBXSourcesBuildPhase section */
		74F4A62729C9BA0700FC54B0 /* Sources */ = {
			isa = PBXSourcesBuildPhase;
			buildActionMask = 2147483647;
			files = (
				74F4A65E29C9C53300FC54B0 /* UserFriendlyError.swift in Sources */,
				74F4A64F29C9BC3600FC54B0 /* RequestLoader.swift in Sources */,
				74F4A66F29C9D7C900FC54B0 /* UIViewController+Ext.swift in Sources */,
				74F4A67529CAE69100FC54B0 /* LoaderResuableView.swift in Sources */,
				74F4A66029C9C5EF00FC54B0 /* DataSource+Snapshot.swift in Sources */,
				74F4A66929C9D14200FC54B0 /* ImageView.swift in Sources */,
				74F4A64B29C9BC0100FC54B0 /* PokemonModel.swift in Sources */,
				74F4A66229C9C64F00FC54B0 /* DisplayableResource.swift in Sources */,
				74F4A66D29C9D41A00FC54B0 /* UIView+Ext.swift in Sources */,
				74F4A66729C9CE2200FC54B0 /* Array+Ext.swift in Sources */,
				74F4A63329C9BA0700FC54B0 /* PokemonVC.swift in Sources */,
				74F4A67329CADAB700FC54B0 /* String+Ext.swift in Sources */,
				74F4A62F29C9BA0700FC54B0 /* AppDelegate.swift in Sources */,
				74F4A64D29C9BC1700FC54B0 /* ImageFetcher.swift in Sources */,
				74F4A65729C9BCAE00FC54B0 /* PokemonCell.swift in Sources */,
				74F4A66B29C9D35A00FC54B0 /* PokLabel.swift in Sources */,
				74F4A64529C9BBA600FC54B0 /* PokemonVM.swift in Sources */,
				74F4A66429C9CD7500FC54B0 /* Query.swift in Sources */,
				74F4A65429C9BC6900FC54B0 /* UrlConstants.swift in Sources */,
				74F4A65A29C9C01000FC54B0 /* PokemonRequest.swift in Sources */,
				74F4A65129C9BC4200FC54B0 /* Server.swift in Sources */,
				74F4A63129C9BA0700FC54B0 /* SceneDelegate.swift in Sources */,
				74F4A67129C9D96600FC54B0 /* UIHelper.swift in Sources */,
			);
			runOnlyForDeploymentPostprocessing = 0;
		};
/* End PBXSourcesBuildPhase section */

/* Begin PBXVariantGroup section */
		74F4A63929C9BA0800FC54B0 /* LaunchScreen.storyboard */ = {
			isa = PBXVariantGroup;
			children = (
				74F4A63A29C9BA0800FC54B0 /* Base */,
			);
			name = LaunchScreen.storyboard;
			sourceTree = "<group>";
		};
/* End PBXVariantGroup section */

/* Begin XCBuildConfiguration section */
		74F4A63D29C9BA0800FC54B0 /* Debug */ = {
			isa = XCBuildConfiguration;
			buildSettings = {
				ALWAYS_SEARCH_USER_PATHS = NO;
				CLANG_ANALYZER_NONNULL = YES;
				CLANG_ANALYZER_NUMBER_OBJECT_CONVERSION = YES_AGGRESSIVE;
				CLANG_CXX_LANGUAGE_STANDARD = "gnu++20";
				CLANG_ENABLE_MODULES = YES;
				CLANG_ENABLE_OBJC_ARC = YES;
				CLANG_ENABLE_OBJC_WEAK = YES;
				CLANG_WARN_BLOCK_CAPTURE_AUTORELEASING = YES;
				CLANG_WARN_BOOL_CONVERSION = YES;
				CLANG_WARN_COMMA = YES;
				CLANG_WARN_CONSTANT_CONVERSION = YES;
				CLANG_WARN_DEPRECATED_OBJC_IMPLEMENTATIONS = YES;
				CLANG_WARN_DIRECT_OBJC_ISA_USAGE = YES_ERROR;
				CLANG_WARN_DOCUMENTATION_COMMENTS = YES;
				CLANG_WARN_EMPTY_BODY = YES;
				CLANG_WARN_ENUM_CONVERSION = YES;
				CLANG_WARN_INFINITE_RECURSION = YES;
				CLANG_WARN_INT_CONVERSION = YES;
				CLANG_WARN_NON_LITERAL_NULL_CONVERSION = YES;
				CLANG_WARN_OBJC_IMPLICIT_RETAIN_SELF = YES;
				CLANG_WARN_OBJC_LITERAL_CONVERSION = YES;
				CLANG_WARN_OBJC_ROOT_CLASS = YES_ERROR;
				CLANG_WARN_QUOTED_INCLUDE_IN_FRAMEWORK_HEADER = YES;
				CLANG_WARN_RANGE_LOOP_ANALYSIS = YES;
				CLANG_WARN_STRICT_PROTOTYPES = YES;
				CLANG_WARN_SUSPICIOUS_MOVE = YES;
				CLANG_WARN_UNGUARDED_AVAILABILITY = YES_AGGRESSIVE;
				CLANG_WARN_UNREACHABLE_CODE = YES;
				CLANG_WARN__DUPLICATE_METHOD_MATCH = YES;
				COPY_PHASE_STRIP = NO;
				DEBUG_INFORMATION_FORMAT = dwarf;
				ENABLE_STRICT_OBJC_MSGSEND = YES;
				ENABLE_TESTABILITY = YES;
				GCC_C_LANGUAGE_STANDARD = gnu11;
				GCC_DYNAMIC_NO_PIC = NO;
				GCC_NO_COMMON_BLOCKS = YES;
				GCC_OPTIMIZATION_LEVEL = 0;
				GCC_PREPROCESSOR_DEFINITIONS = (
					"DEBUG=1",
					"$(inherited)",
				);
				GCC_WARN_64_TO_32_BIT_CONVERSION = YES;
				GCC_WARN_ABOUT_RETURN_TYPE = YES_ERROR;
				GCC_WARN_UNDECLARED_SELECTOR = YES;
				GCC_WARN_UNINITIALIZED_AUTOS = YES_AGGRESSIVE;
				GCC_WARN_UNUSED_FUNCTION = YES;
				GCC_WARN_UNUSED_VARIABLE = YES;
				IPHONEOS_DEPLOYMENT_TARGET = 16.2;
				MTL_ENABLE_DEBUG_INFO = INCLUDE_SOURCE;
				MTL_FAST_MATH = YES;
				ONLY_ACTIVE_ARCH = YES;
				SDKROOT = iphoneos;
				SWIFT_ACTIVE_COMPILATION_CONDITIONS = DEBUG;
				SWIFT_OPTIMIZATION_LEVEL = "-Onone";
			};
			name = Debug;
		};
		74F4A63E29C9BA0800FC54B0 /* Release */ = {
			isa = XCBuildConfiguration;
			buildSettings = {
				ALWAYS_SEARCH_USER_PATHS = NO;
				CLANG_ANALYZER_NONNULL = YES;
				CLANG_ANALYZER_NUMBER_OBJECT_CONVERSION = YES_AGGRESSIVE;
				CLANG_CXX_LANGUAGE_STANDARD = "gnu++20";
				CLANG_ENABLE_MODULES = YES;
				CLANG_ENABLE_OBJC_ARC = YES;
				CLANG_ENABLE_OBJC_WEAK = YES;
				CLANG_WARN_BLOCK_CAPTURE_AUTORELEASING = YES;
				CLANG_WARN_BOOL_CONVERSION = YES;
				CLANG_WARN_COMMA = YES;
				CLANG_WARN_CONSTANT_CONVERSION = YES;
				CLANG_WARN_DEPRECATED_OBJC_IMPLEMENTATIONS = YES;
				CLANG_WARN_DIRECT_OBJC_ISA_USAGE = YES_ERROR;
				CLANG_WARN_DOCUMENTATION_COMMENTS = YES;
				CLANG_WARN_EMPTY_BODY = YES;
				CLANG_WARN_ENUM_CONVERSION = YES;
				CLANG_WARN_INFINITE_RECURSION = YES;
				CLANG_WARN_INT_CONVERSION = YES;
				CLANG_WARN_NON_LITERAL_NULL_CONVERSION = YES;
				CLANG_WARN_OBJC_IMPLICIT_RETAIN_SELF = YES;
				CLANG_WARN_OBJC_LITERAL_CONVERSION = YES;
				CLANG_WARN_OBJC_ROOT_CLASS = YES_ERROR;
				CLANG_WARN_QUOTED_INCLUDE_IN_FRAMEWORK_HEADER = YES;
				CLANG_WARN_RANGE_LOOP_ANALYSIS = YES;
				CLANG_WARN_STRICT_PROTOTYPES = YES;
				CLANG_WARN_SUSPICIOUS_MOVE = YES;
				CLANG_WARN_UNGUARDED_AVAILABILITY = YES_AGGRESSIVE;
				CLANG_WARN_UNREACHABLE_CODE = YES;
				CLANG_WARN__DUPLICATE_METHOD_MATCH = YES;
				COPY_PHASE_STRIP = NO;
				DEBUG_INFORMATION_FORMAT = "dwarf-with-dsym";
				ENABLE_NS_ASSERTIONS = NO;
				ENABLE_STRICT_OBJC_MSGSEND = YES;
				GCC_C_LANGUAGE_STANDARD = gnu11;
				GCC_NO_COMMON_BLOCKS = YES;
				GCC_WARN_64_TO_32_BIT_CONVERSION = YES;
				GCC_WARN_ABOUT_RETURN_TYPE = YES_ERROR;
				GCC_WARN_UNDECLARED_SELECTOR = YES;
				GCC_WARN_UNINITIALIZED_AUTOS = YES_AGGRESSIVE;
				GCC_WARN_UNUSED_FUNCTION = YES;
				GCC_WARN_UNUSED_VARIABLE = YES;
				IPHONEOS_DEPLOYMENT_TARGET = 16.2;
				MTL_ENABLE_DEBUG_INFO = NO;
				MTL_FAST_MATH = YES;
				SDKROOT = iphoneos;
				SWIFT_COMPILATION_MODE = wholemodule;
				SWIFT_OPTIMIZATION_LEVEL = "-O";
				VALIDATE_PRODUCT = YES;
			};
			name = Release;
		};
		74F4A64029C9BA0800FC54B0 /* Debug */ = {
			isa = XCBuildConfiguration;
			buildSettings = {
				ASSETCATALOG_COMPILER_APPICON_NAME = AppIcon;
				ASSETCATALOG_COMPILER_GLOBAL_ACCENT_COLOR_NAME = AccentColor;
				CODE_SIGN_STYLE = Automatic;
				CURRENT_PROJECT_VERSION = 1;
				DEVELOPMENT_TEAM = 3JFC7AD7WA;
				GENERATE_INFOPLIST_FILE = YES;
				INFOPLIST_FILE = PokemonApp/Info.plist;
				INFOPLIST_KEY_UIApplicationSupportsIndirectInputEvents = YES;
				INFOPLIST_KEY_UILaunchStoryboardName = LaunchScreen;
				INFOPLIST_KEY_UISupportedInterfaceOrientations_iPad = "UIInterfaceOrientationPortrait UIInterfaceOrientationPortraitUpsideDown UIInterfaceOrientationLandscapeLeft UIInterfaceOrientationLandscapeRight";
				INFOPLIST_KEY_UISupportedInterfaceOrientations_iPhone = "UIInterfaceOrientationPortrait UIInterfaceOrientationLandscapeLeft UIInterfaceOrientationLandscapeRight";
				IPHONEOS_DEPLOYMENT_TARGET = 15.0;
				LD_RUNPATH_SEARCH_PATHS = (
					"$(inherited)",
					"@executable_path/Frameworks",
				);
				MARKETING_VERSION = 1.0;
				PRODUCT_BUNDLE_IDENTIFIER = comMuhammed.PokemonApp;
				PRODUCT_NAME = "$(TARGET_NAME)";
				SWIFT_EMIT_LOC_STRINGS = YES;
				SWIFT_VERSION = 5.0;
				TARGETED_DEVICE_FAMILY = "1,2";
			};
			name = Debug;
		};
		74F4A64129C9BA0800FC54B0 /* Release */ = {
			isa = XCBuildConfiguration;
			buildSettings = {
				ASSETCATALOG_COMPILER_APPICON_NAME = AppIcon;
				ASSETCATALOG_COMPILER_GLOBAL_ACCENT_COLOR_NAME = AccentColor;
				CODE_SIGN_STYLE = Automatic;
				CURRENT_PROJECT_VERSION = 1;
				DEVELOPMENT_TEAM = 3JFC7AD7WA;
				GENERATE_INFOPLIST_FILE = YES;
				INFOPLIST_FILE = PokemonApp/Info.plist;
				INFOPLIST_KEY_UIApplicationSupportsIndirectInputEvents = YES;
				INFOPLIST_KEY_UILaunchStoryboardName = LaunchScreen;
				INFOPLIST_KEY_UISupportedInterfaceOrientations_iPad = "UIInterfaceOrientationPortrait UIInterfaceOrientationPortraitUpsideDown UIInterfaceOrientationLandscapeLeft UIInterfaceOrientationLandscapeRight";
				INFOPLIST_KEY_UISupportedInterfaceOrientations_iPhone = "UIInterfaceOrientationPortrait UIInterfaceOrientationLandscapeLeft UIInterfaceOrientationLandscapeRight";
				IPHONEOS_DEPLOYMENT_TARGET = 15.0;
				LD_RUNPATH_SEARCH_PATHS = (
					"$(inherited)",
					"@executable_path/Frameworks",
				);
				MARKETING_VERSION = 1.0;
				PRODUCT_BUNDLE_IDENTIFIER = comMuhammed.PokemonApp;
				PRODUCT_NAME = "$(TARGET_NAME)";
				SWIFT_EMIT_LOC_STRINGS = YES;
				SWIFT_VERSION = 5.0;
				TARGETED_DEVICE_FAMILY = "1,2";
			};
			name = Release;
		};
/* End XCBuildConfiguration section */

/* Begin XCConfigurationList section */
		74F4A62629C9BA0700FC54B0 /* Build configuration list for PBXProject "PokemonApp" */ = {
			isa = XCConfigurationList;
			buildConfigurations = (
				74F4A63D29C9BA0800FC54B0 /* Debug */,
				74F4A63E29C9BA0800FC54B0 /* Release */,
			);
			defaultConfigurationIsVisible = 0;
			defaultConfigurationName = Release;
		};
		74F4A63F29C9BA0800FC54B0 /* Build configuration list for PBXNativeTarget "PokemonApp" */ = {
			isa = XCConfigurationList;
			buildConfigurations = (
				74F4A64029C9BA0800FC54B0 /* Debug */,
				74F4A64129C9BA0800FC54B0 /* Release */,
			);
			defaultConfigurationIsVisible = 0;
			defaultConfigurationName = Release;
		};
/* End XCConfigurationList section */
	};
	rootObject = 74F4A62329C9BA0700FC54B0 /* Project object */;
}
